<Solution>
  <Folder Name="/LINQ/">
    <Project Path="Sjov_Med_Linkq/Sjov_Med_Linkq.csproj" />
  </Folder>
  <Project Path="../dmu-2025-2026-exercise-materials/Pr38_LINQ/BonusApp/BonusApp.csproj" />
  <Project Path="../dmu-2025-2026-exercise-materials/Pr38_LINQ/BonusAppUnitTest/BonusAppUnitTest.csproj" />
</Solution>
